
Microsoft Visual Studio Solution File, Format Version 12.00
# Visual Studio 2012
Project("{FAE04EC0-301F-11D3-BF4B-00C04F79EFBC}") = "ASCII lookup table generator", "ASCII lookup table generator\ASCII lookup table generator.csproj", "{5CDF01F9-10BA-42CA-9385-0F6BEBEFA6E4}"
EndProject
Project("{FAE04EC0-301F-11D3-BF4B-00C04F79EFBC}") = "LookupTableGenerator", "LookupTableGenerator\LookupTableGenerator.csproj", "{724153E0-6353-41FD-AA58-9D809FCDADF5}"
EndProject
Global
	GlobalSection(SolutionConfigurationPlatforms) = preSolution
		Debug|Any CPU = Debug|Any CPU
		Release|Any CPU = Release|Any CPU
	EndGlobalSection
	GlobalSection(ProjectConfigurationPlatforms) = postSolution
		{5CDF01F9-10BA-42CA-9385-0F6BEBEFA6E4}.Debug|Any CPU.ActiveCfg = Debug|Any CPU
		{5CDF01F9-10BA-42CA-9385-0F6BEBEFA6E4}.Debug|Any CPU.Build.0 = Debug|Any CPU
		{5CDF01F9-10BA-42CA-9385-0F6BEBEFA6E4}.Release|Any CPU.ActiveCfg = Release|Any CPU
		{5CDF01F9-10BA-42CA-9385-0F6BEBEFA6E4}.Release|Any CPU.Build.0 = Release|Any CPU
		{724153E0-6353-41FD-AA58-9D809FCDADF5}.Debug|Any CPU.ActiveCfg = Debug|Any CPU
		{724153E0-6353-41FD-AA58-9D809FCDADF5}.Debug|Any CPU.Build.0 = Debug|Any CPU
		{724153E0-6353-41FD-AA58-9D809FCDADF5}.Release|Any CPU.ActiveCfg = Release|Any CPU
		{724153E0-6353-41FD-AA58-9D809FCDADF5}.Release|Any CPU.Build.0 = Release|Any CPU
	EndGlobalSection
	GlobalSection(SolutionProperties) = preSolution
		HideSolutionNode = FALSE
	EndGlobalSection
EndGlobal
